// !$*UTF8*$!
{
	archiveVersion = 1;
	classes = {
	};
	objectVersion = 46;
	objects = {

/* Begin PBXBuildFile section */
		570CEEB41BB2515400C4A08E /* extension.swift in Sources */ = {isa = PBXBuildFile; fileRef = 570CEEB31BB2515400C4A08E /* extension.swift */; };
		5741C5381BB535CB00CF2208 /* Picture@2x.png in Resources */ = {isa = PBXBuildFile; fileRef = 5741C5361BB535CB00CF2208 /* Picture@2x.png */; };
		5741C53E1BB535EB00CF2208 /* Refresh@2x.png in Resources */ = {isa = PBXBuildFile; fileRef = 5741C53A1BB535EB00CF2208 /* Refresh@2x.png */; };
		5741C53F1BB535EB00CF2208 /* Accept@2x.png in Resources */ = {isa = PBXBuildFile; fileRef = 5741C53B1BB535EB00CF2208 /* Accept@2x.png */; };
		5741C5401BB535EB00CF2208 /* Discard@2x.png in Resources */ = {isa = PBXBuildFile; fileRef = 5741C53C1BB535EB00CF2208 /* Discard@2x.png */; };
		5741C5411BB535EB00CF2208 /* Shuffle@2x.png in Resources */ = {isa = PBXBuildFile; fileRef = 5741C53D1BB535EB00CF2208 /* Shuffle@2x.png */; };
		5741C5471BB535FB00CF2208 /* Picture.png in Resources */ = {isa = PBXBuildFile; fileRef = 5741C5421BB535FB00CF2208 /* Picture.png */; };
		5741C5481BB535FB00CF2208 /* Discard.png in Resources */ = {isa = PBXBuildFile; fileRef = 5741C5431BB535FB00CF2208 /* Discard.png */; };
		5741C5491BB535FB00CF2208 /* Accept.png in Resources */ = {isa = PBXBuildFile; fileRef = 5741C5441BB535FB00CF2208 /* Accept.png */; };
		5741C54A1BB535FB00CF2208 /* Refresh.png in Resources */ = {isa = PBXBuildFile; fileRef = 5741C5451BB535FB00CF2208 /* Refresh.png */; };
		5741C54B1BB535FB00CF2208 /* Shuffle.png in Resources */ = {isa = PBXBuildFile; fileRef = 5741C5461BB535FB00CF2208 /* Shuffle.png */; };
		577738771BAA82E900157CCC /* ROTools.xcscheme in Resources */ = {isa = PBXBuildFile; fileRef = 577738761BAA82E900157CCC /* ROTools.xcscheme */; };
		577738791BAA82E900157CCC /* ROTools.swift in Sources */ = {isa = PBXBuildFile; fileRef = 577738781BAA82E900157CCC /* ROTools.swift */; };
		5777387B1BAA82E900157CCC /* NSObject_Extension.swift in Sources */ = {isa = PBXBuildFile; fileRef = 5777387A1BAA82E900157CCC /* NSObject_Extension.swift */; };
		578E22FD1BB2480F00C7DA44 /* iItemTableRowView.swift in Sources */ = {isa = PBXBuildFile; fileRef = 578E22FC1BB2480F00C7DA44 /* iItemTableRowView.swift */; };
		578E22FF1BB2483700C7DA44 /* iItem.swift in Sources */ = {isa = PBXBuildFile; fileRef = 578E22FE1BB2483700C7DA44 /* iItem.swift */; };
		57CC33F51BCB697D00C9D771 /* Bin.swift in Sources */ = {isa = PBXBuildFile; fileRef = 57CC33F41BCB697D00C9D771 /* Bin.swift */; };
		57E3CAEE1BAB2C1D006FEAA3 /* IconImportWindowController.swift in Sources */ = {isa = PBXBuildFile; fileRef = 57E3CAEC1BAB2C1D006FEAA3 /* IconImportWindowController.swift */; };
		57E3CAEF1BAB2C1D006FEAA3 /* IconImportWindowController.xib in Resources */ = {isa = PBXBuildFile; fileRef = 57E3CAED1BAB2C1D006FEAA3 /* IconImportWindowController.xib */; };
		57FE8CC31BAFC28D000F2D09 /* importType.plist in Resources */ = {isa = PBXBuildFile; fileRef = 57FE8CC21BAFC28D000F2D09 /* importType.plist */; };
/* End PBXBuildFile section */

/* Begin PBXFileReference section */
		570CEEB31BB2515400C4A08E /* extension.swift */ = {isa = PBXFileReference; fileEncoding = 4; lastKnownFileType = sourcecode.swift; name = extension.swift; path = ../extension.swift; sourceTree = "<group>"; };
		5741C5361BB535CB00CF2208 /* Picture@2x.png */ = {isa = PBXFileReference; lastKnownFileType = image.png; path = "Picture@2x.png"; sourceTree = "<group>"; };
		5741C53A1BB535EB00CF2208 /* Refresh@2x.png */ = {isa = PBXFileReference; lastKnownFileType = image.png; path = "Refresh@2x.png"; sourceTree = "<group>"; };
		5741C53B1BB535EB00CF2208 /* Accept@2x.png */ = {isa = PBXFileReference; lastKnownFileType = image.png; path = "Accept@2x.png"; sourceTree = "<group>"; };
		5741C53C1BB535EB00CF2208 /* Discard@2x.png */ = {isa = PBXFileReference; lastKnownFileType = image.png; path = "Discard@2x.png"; sourceTree = "<group>"; };
		5741C53D1BB535EB00CF2208 /* Shuffle@2x.png */ = {isa = PBXFileReference; lastKnownFileType = image.png; path = "Shuffle@2x.png"; sourceTree = "<group>"; };
		5741C5421BB535FB00CF2208 /* Picture.png */ = {isa = PBXFileReference; lastKnownFileType = image.png; path = Picture.png; sourceTree = "<group>"; };
		5741C5431BB535FB00CF2208 /* Discard.png */ = {isa = PBXFileReference; lastKnownFileType = image.png; path = Discard.png; sourceTree = "<group>"; };
		5741C5441BB535FB00CF2208 /* Accept.png */ = {isa = PBXFileReference; lastKnownFileType = image.png; path = Accept.png; sourceTree = "<group>"; };
		5741C5451BB535FB00CF2208 /* Refresh.png */ = {isa = PBXFileReference; lastKnownFileType = image.png; path = Refresh.png; sourceTree = "<group>"; };
		5741C5461BB535FB00CF2208 /* Shuffle.png */ = {isa = PBXFileReference; lastKnownFileType = image.png; path = Shuffle.png; sourceTree = "<group>"; };
		577738721BAA82E900157CCC /* ROTools.xcplugin */ = {isa = PBXFileReference; explicitFileType = wrapper.cfbundle; includeInIndex = 0; path = ROTools.xcplugin; sourceTree = BUILT_PRODUCTS_DIR; };
		577738761BAA82E900157CCC /* ROTools.xcscheme */ = {isa = PBXFileReference; lastKnownFileType = text.xml; name = ROTools.xcscheme; path = ROTools.xcodeproj/xcshareddata/xcschemes/ROTools.xcscheme; sourceTree = SOURCE_ROOT; };
		577738781BAA82E900157CCC /* ROTools.swift */ = {isa = PBXFileReference; lastKnownFileType = sourcecode.swift; path = ROTools.swift; sourceTree = "<group>"; };
		5777387A1BAA82E900157CCC /* NSObject_Extension.swift */ = {isa = PBXFileReference; lastKnownFileType = sourcecode.swift; path = NSObject_Extension.swift; sourceTree = "<group>"; };
		5777387C1BAA82E900157CCC /* Info.plist */ = {isa = PBXFileReference; lastKnownFileType = text.plist.xml; path = Info.plist; sourceTree = "<group>"; };
		578E22FC1BB2480F00C7DA44 /* iItemTableRowView.swift */ = {isa = PBXFileReference; fileEncoding = 4; lastKnownFileType = sourcecode.swift; path = iItemTableRowView.swift; sourceTree = "<group>"; };
		578E22FE1BB2483700C7DA44 /* iItem.swift */ = {isa = PBXFileReference; fileEncoding = 4; lastKnownFileType = sourcecode.swift; path = iItem.swift; sourceTree = "<group>"; };
		57CC33F41BCB697D00C9D771 /* Bin.swift */ = {isa = PBXFileReference; fileEncoding = 4; lastKnownFileType = sourcecode.swift; path = Bin.swift; sourceTree = "<group>"; };
		57E3CAEC1BAB2C1D006FEAA3 /* IconImportWindowController.swift */ = {isa = PBXFileReference; fileEncoding = 4; lastKnownFileType = sourcecode.swift; path = IconImportWindowController.swift; sourceTree = "<group>"; };
		57E3CAED1BAB2C1D006FEAA3 /* IconImportWindowController.xib */ = {isa = PBXFileReference; fileEncoding = 4; lastKnownFileType = file.xib; path = IconImportWindowController.xib; sourceTree = "<group>"; };
		57FE8CC21BAFC28D000F2D09 /* importType.plist */ = {isa = PBXFileReference; fileEncoding = 4; lastKnownFileType = text.plist.xml; path = importType.plist; sourceTree = "<group>"; };
/* End PBXFileReference section */

/* Begin PBXGroup section */
		5777386A1BAA82E900157CCC = {
			isa = PBXGroup;
			children = (
				577738741BAA82E900157CCC /* ROTools */,
				577738731BAA82E900157CCC /* Products */,
			);
			sourceTree = "<group>";
		};
		577738731BAA82E900157CCC /* Products */ = {
			isa = PBXGroup;
			children = (
				577738721BAA82E900157CCC /* ROTools.xcplugin */,
			);
			name = Products;
			sourceTree = "<group>";
		};
		577738741BAA82E900157CCC /* ROTools */ = {
			isa = PBXGroup;
			children = (
				578E22F91BB247BB00C7DA44 /* importItem */,
				577738781BAA82E900157CCC /* ROTools.swift */,
				57CC33F31BCB696800C9D771 /* Common */,
				5777387A1BAA82E900157CCC /* NSObject_Extension.swift */,
				57E3CAEC1BAB2C1D006FEAA3 /* IconImportWindowController.swift */,
				57E3CAED1BAB2C1D006FEAA3 /* IconImportWindowController.xib */,
				5777387C1BAA82E900157CCC /* Info.plist */,
				577738751BAA82E900157CCC /* Supporting Files */,
			);
			path = ROTools;
			sourceTree = "<group>";
		};
		577738751BAA82E900157CCC /* Supporting Files */ = {
			isa = PBXGroup;
			children = (
				57FE8CC21BAFC28D000F2D09 /* importType.plist */,
				5741C5361BB535CB00CF2208 /* Picture@2x.png */,
				5741C53A1BB535EB00CF2208 /* Refresh@2x.png */,
				5741C5421BB535FB00CF2208 /* Picture.png */,
				5741C5431BB535FB00CF2208 /* Discard.png */,
				5741C5441BB535FB00CF2208 /* Accept.png */,
				5741C5451BB535FB00CF2208 /* Refresh.png */,
				5741C5461BB535FB00CF2208 /* Shuffle.png */,
				5741C53B1BB535EB00CF2208 /* Accept@2x.png */,
				5741C53C1BB535EB00CF2208 /* Discard@2x.png */,
				5741C53D1BB535EB00CF2208 /* Shuffle@2x.png */,
				577738761BAA82E900157CCC /* ROTools.xcscheme */,
			);
			name = "Supporting Files";
			sourceTree = "<group>";
		};
		578E22F91BB247BB00C7DA44 /* importItem */ = {
			isa = PBXGroup;
			children = (
				578E22FC1BB2480F00C7DA44 /* iItemTableRowView.swift */,
				578E22FE1BB2483700C7DA44 /* iItem.swift */,
			);
			path = importItem;
			sourceTree = "<group>";
		};
		57CC33F31BCB696800C9D771 /* Common */ = {
			isa = PBXGroup;
			children = (
				570CEEB31BB2515400C4A08E /* extension.swift */,
				57CC33F41BCB697D00C9D771 /* Bin.swift */,
			);
			path = Common;
			sourceTree = "<group>";
		};
/* End PBXGroup section */

/* Begin PBXNativeTarget section */
		577738711BAA82E900157CCC /* ROTools */ = {
			isa = PBXNativeTarget;
			buildConfigurationList = 5777387F1BAA82E900157CCC /* Build configuration list for PBXNativeTarget "ROTools" */;
			buildPhases = (
				5777386F1BAA82E900157CCC /* Sources */,
				577738701BAA82E900157CCC /* Resources */,
			);
			buildRules = (
			);
			dependencies = (
			);
			name = ROTools;
			productName = ROTools;
			productReference = 577738721BAA82E900157CCC /* ROTools.xcplugin */;
			productType = "com.apple.product-type.bundle";
		};
/* End PBXNativeTarget section */

/* Begin PBXProject section */
		5777386B1BAA82E900157CCC /* Project object */ = {
			isa = PBXProject;
			attributes = {
				LastSwiftMigration = 0700;
				LastSwiftUpdateCheck = 0700;
				LastUpgradeCheck = 0700;
				ORGANIZATIONNAME = RonGL;
				TargetAttributes = {
					577738711BAA82E900157CCC = {
						CreatedOnToolsVersion = 7.0;
					};
				};
			};
			buildConfigurationList = 5777386E1BAA82E900157CCC /* Build configuration list for PBXProject "ROTools" */;
			compatibilityVersion = "Xcode 3.2";
			developmentRegion = English;
			hasScannedForEncodings = 0;
			knownRegions = (
				en,
			);
			mainGroup = 5777386A1BAA82E900157CCC;
			productRefGroup = 577738731BAA82E900157CCC /* Products */;
			projectDirPath = "";
			projectRoot = "";
			targets = (
				577738711BAA82E900157CCC /* ROTools */,
			);
		};
/* End PBXProject section */

/* Begin PBXResourcesBuildPhase section */
		577738701BAA82E900157CCC /* Resources */ = {
			isa = PBXResourcesBuildPhase;
			buildActionMask = 2147483647;
			files = (
				5741C5411BB535EB00CF2208 /* Shuffle@2x.png in Resources */,
				57FE8CC31BAFC28D000F2D09 /* importType.plist in Resources */,
				577738771BAA82E900157CCC /* ROTools.xcscheme in Resources */,
				57E3CAEF1BAB2C1D006FEAA3 /* IconImportWindowController.xib in Resources */,
				5741C53E1BB535EB00CF2208 /* Refresh@2x.png in Resources */,
				5741C53F1BB535EB00CF2208 /* Accept@2x.png in Resources */,
				5741C5401BB535EB00CF2208 /* Discard@2x.png in Resources */,
				5741C5381BB535CB00CF2208 /* Picture@2x.png in Resources */,
				5741C54B1BB535FB00CF2208 /* Shuffle.png in Resources */,
				5741C5481BB535FB00CF2208 /* Discard.png in Resources */,
				5741C54A1BB535FB00CF2208 /* Refresh.png in Resources */,
				5741C5471BB535FB00CF2208 /* Picture.png in Resources */,
				5741C5491BB535FB00CF2208 /* Accept.png in Resources */,
			);
			runOnlyForDeploymentPostprocessing = 0;
		};
/* End PBXResourcesBuildPhase section */

/* Begin PBXSourcesBuildPhase section */
		5777386F1BAA82E900157CCC /* Sources */ = {
			isa = PBXSourcesBuildPhase;
			buildActionMask = 2147483647;
			files = (
				577738791BAA82E900157CCC /* ROTools.swift in Sources */,
				570CEEB41BB2515400C4A08E /* extension.swift in Sources */,
				578E22FD1BB2480F00C7DA44 /* iItemTableRowView.swift in Sources */,
				578E22FF1BB2483700C7DA44 /* iItem.swift in Sources */,
				5777387B1BAA82E900157CCC /* NSObject_Extension.swift in Sources */,
				57E3CAEE1BAB2C1D006FEAA3 /* IconImportWindowController.swift in Sources */,
				57CC33F51BCB697D00C9D771 /* Bin.swift in Sources */,
			);
			runOnlyForDeploymentPostprocessing = 0;
		};
/* End PBXSourcesBuildPhase section */

/* Begin XCBuildConfiguration section */
		5777387D1BAA82E900157CCC /* Debug */ = {
			isa = XCBuildConfiguration;
			buildSettings = {
				ALWAYS_SEARCH_USER_PATHS = NO;
				CLANG_CXX_LANGUAGE_STANDARD = "gnu++0x";
				CLANG_CXX_LIBRARY = "libc++";
				CLANG_ENABLE_MODULES = YES;
				CLANG_ENABLE_OBJC_ARC = YES;
				CLANG_WARN_BOOL_CONVERSION = YES;
				CLANG_WARN_CONSTANT_CONVERSION = YES;
				CLANG_WARN_DIRECT_OBJC_ISA_USAGE = YES_ERROR;
				CLANG_WARN_EMPTY_BODY = YES;
				CLANG_WARN_ENUM_CONVERSION = YES;
				CLANG_WARN_INT_CONVERSION = YES;
				CLANG_WARN_OBJC_ROOT_CLASS = YES_ERROR;
				CLANG_WARN_UNREACHABLE_CODE = YES;
				CLANG_WARN__DUPLICATE_METHOD_MATCH = YES;
				COPY_PHASE_STRIP = NO;
				DEBUG_INFORMATION_FORMAT = dwarf;
				ENABLE_STRICT_OBJC_MSGSEND = YES;
				ENABLE_TESTABILITY = YES;
				GCC_C_LANGUAGE_STANDARD = gnu99;
				GCC_DYNAMIC_NO_PIC = NO;
				GCC_NO_COMMON_BLOCKS = YES;
				GCC_OPTIMIZATION_LEVEL = 0;
				GCC_PREPROCESSOR_DEFINITIONS = (
					"DEBUG=1",
					"$(inherited)",
				);
				GCC_WARN_64_TO_32_BIT_CONVERSION = YES;
				GCC_WARN_ABOUT_RETURN_TYPE = YES_ERROR;
				GCC_WARN_UNDECLARED_SELECTOR = YES;
				GCC_WARN_UNINITIALIZED_AUTOS = YES_AGGRESSIVE;
				GCC_WARN_UNUSED_FUNCTION = YES;
				GCC_WARN_UNUSED_VARIABLE = YES;
				MTL_ENABLE_DEBUG_INFO = YES;
				ONLY_ACTIVE_ARCH = YES;
			};
			name = Debug;
		};
		5777387E1BAA82E900157CCC /* Release */ = {
			isa = XCBuildConfiguration;
			buildSettings = {
				ALWAYS_SEARCH_USER_PATHS = NO;
				CLANG_CXX_LANGUAGE_STANDARD = "gnu++0x";
				CLANG_CXX_LIBRARY = "libc++";
				CLANG_ENABLE_MODULES = YES;
				CLANG_ENABLE_OBJC_ARC = YES;
				CLANG_WARN_BOOL_CONVERSION = YES;
				CLANG_WARN_CONSTANT_CONVERSION = YES;
				CLANG_WARN_DIRECT_OBJC_ISA_USAGE = YES_ERROR;
				CLANG_WARN_EMPTY_BODY = YES;
				CLANG_WARN_ENUM_CONVERSION = YES;
				CLANG_WARN_INT_CONVERSION = YES;
				CLANG_WARN_OBJC_ROOT_CLASS = YES_ERROR;
				CLANG_WARN_UNREACHABLE_CODE = YES;
				CLANG_WARN__DUPLICATE_METHOD_MATCH = YES;
				COPY_PHASE_STRIP = NO;
				DEBUG_INFORMATION_FORMAT = "dwarf-with-dsym";
				ENABLE_NS_ASSERTIONS = NO;
				ENABLE_STRICT_OBJC_MSGSEND = YES;
				GCC_C_LANGUAGE_STANDARD = gnu99;
				GCC_NO_COMMON_BLOCKS = YES;
				GCC_WARN_64_TO_32_BIT_CONVERSION = YES;
				GCC_WARN_ABOUT_RETURN_TYPE = YES_ERROR;
				GCC_WARN_UNDECLARED_SELECTOR = YES;
				GCC_WARN_UNINITIALIZED_AUTOS = YES_AGGRESSIVE;
				GCC_WARN_UNUSED_FUNCTION = YES;
				GCC_WARN_UNUSED_VARIABLE = YES;
				MTL_ENABLE_DEBUG_INFO = NO;
			};
			name = Release;
		};
		577738801BAA82E900157CCC /* Debug */ = {
			isa = XCBuildConfiguration;
			buildSettings = {
				COMBINE_HIDPI_IMAGES = YES;
				DEPLOYMENT_LOCATION = YES;
				DSTROOT = "$(HOME)";
				EMBEDDED_CONTENT_CONTAINS_SWIFT = YES;
				INFOPLIST_FILE = ROTools/Info.plist;
				INSTALL_PATH = "/Library/Application Support/Developer/Shared/Xcode/Plug-ins";
				LD_RUNPATH_SEARCH_PATHS = "$(DT_TOOLCHAIN_DIR)/usr/lib/swift/macosx";
				MACOSX_DEPLOYMENT_TARGET = 10.10;
				PRODUCT_BUNDLE_IDENTIFIER = com.rongl.ROTools;
				PRODUCT_NAME = "$(TARGET_NAME)";
				WRAPPER_EXTENSION = xcplugin;
			};
			name = Debug;
		};
		577738811BAA82E900157CCC /* Release */ = {
			isa = XCBuildConfiguration;
			buildSettings = {
				COMBINE_HIDPI_IMAGES = YES;
				DEPLOYMENT_LOCATION = YES;
				DSTROOT = "$(HOME)";
				EMBEDDED_CONTENT_CONTAINS_SWIFT = YES;
				INFOPLIST_FILE = ROTools/Info.plist;
				INSTALL_PATH = "/Library/Application Support/Developer/Shared/Xcode/Plug-ins";
				LD_RUNPATH_SEARCH_PATHS = "$(DT_TOOLCHAIN_DIR)/usr/lib/swift/macosx";
				MACOSX_DEPLOYMENT_TARGET = 10.10;
				PRODUCT_BUNDLE_IDENTIFIER = com.rongl.ROTools;
				PRODUCT_NAME = "$(TARGET_NAME)";
				WRAPPER_EXTENSION = xcplugin;
			};
			name = Release;
		};
/* End XCBuildConfiguration section */

/* Begin XCConfigurationList section */
		5777386E1BAA82E900157CCC /* Build configuration list for PBXProject "ROTools" */ = {
			isa = XCConfigurationList;
			buildConfigurations = (
				5777387D1BAA82E900157CCC /* Debug */,
				5777387E1BAA82E900157CCC /* Release */,
			);
			defaultConfigurationIsVisible = 0;
			defaultConfigurationName = Release;
		};
		5777387F1BAA82E900157CCC /* Build configuration list for PBXNativeTarget "ROTools" */ = {
			isa = XCConfigurationList;
			buildConfigurations = (
				577738801BAA82E900157CCC /* Debug */,
				577738811BAA82E900157CCC /* Release */,
			);
			defaultConfigurationIsVisible = 0;
			defaultConfigurationName = Release;
		};
/* End XCConfigurationList section */
	};
	rootObject = 5777386B1BAA82E900157CCC /* Project object */;
}
